
Microsoft Visual Studio Solution File, Format Version 12.00
# Visual Studio Version 16
VisualStudioVersion = 16.0.30413.136
MinimumVisualStudioVersion = 10.0.40219.1
Project("{FAE04EC0-301F-11D3-BF4B-00C04F79EFBC}") = "OfficeFireSync", "OfficeFireSync.csproj", "{CE6EA953-4560-4B1A-BFD4-B486961AF5C8}"
EndProject
Global
	GlobalSection(SolutionConfigurationPlatforms) = preSolution
		Debug|Any CPU = Debug|Any CPU
		Release|Any CPU = Release|Any CPU
	EndGlobalSection
	GlobalSection(ProjectConfigurationPlatforms) = postSolution
		{CE6EA953-4560-4B1A-BFD4-B486961AF5C8}.Debug|Any CPU.ActiveCfg = Debug|Any CPU
		{CE6EA953-4560-4B1A-BFD4-B486961AF5C8}.Debug|Any CPU.Build.0 = Debug|Any CPU
		{CE6EA953-4560-4B1A-BFD4-B486961AF5C8}.Release|Any CPU.ActiveCfg = Release|Any CPU
		{CE6EA953-4560-4B1A-BFD4-B486961AF5C8}.Release|Any CPU.Build.0 = Release|Any CPU
	EndGlobalSection
	GlobalSection(SolutionProperties) = preSolution
		HideSolutionNode = FALSE
	EndGlobalSection
	GlobalSection(ExtensibilityGlobals) = postSolution
		SolutionGuid = {3A5FE216-EDC2-410B-A3AB-89D3DE03AA0A}
	EndGlobalSection
EndGlobal
